
Microsoft Visual Studio Solution File, Format Version 12.00
# Visual Studio Version 17
VisualStudioVersion = 17.8.34525.116
MinimumVisualStudioVersion = 10.0.40219.1
Project("{9A19103F-16F7-4668-BE54-9A1E7A4F7556}") = "TheTechIdea.Beep.Container", "Beep.Container\TheTechIdea.Beep.Container.csproj", "{9748E968-B558-42D3-B776-A2746B4845EC}"
EndProject
Project("{9A19103F-16F7-4668-BE54-9A1E7A4F7556}") = "TheTechIdea.Beep.Container.Model", "Beep.Containers.Models\TheTechIdea.Beep.Container.Model.csproj", "{0DA927F7-CB4A-4EFF-80F9-07533AB6CA2F}"
EndProject
Global
	GlobalSection(SolutionConfigurationPlatforms) = preSolution
		Debug|Any CPU = Debug|Any CPU
		Release|Any CPU = Release|Any CPU
	EndGlobalSection
	GlobalSection(ProjectConfigurationPlatforms) = postSolution
		{9748E968-B558-42D3-B776-A2746B4845EC}.Debug|Any CPU.ActiveCfg = Debug|Any CPU
		{9748E968-B558-42D3-B776-A2746B4845EC}.Debug|Any CPU.Build.0 = Debug|Any CPU
		{9748E968-B558-42D3-B776-A2746B4845EC}.Release|Any CPU.ActiveCfg = Release|Any CPU
		{9748E968-B558-42D3-B776-A2746B4845EC}.Release|Any CPU.Build.0 = Release|Any CPU
		{0DA927F7-CB4A-4EFF-80F9-07533AB6CA2F}.Debug|Any CPU.ActiveCfg = Debug|Any CPU
		{0DA927F7-CB4A-4EFF-80F9-07533AB6CA2F}.Debug|Any CPU.Build.0 = Debug|Any CPU
		{0DA927F7-CB4A-4EFF-80F9-07533AB6CA2F}.Release|Any CPU.ActiveCfg = Release|Any CPU
		{0DA927F7-CB4A-4EFF-80F9-07533AB6CA2F}.Release|Any CPU.Build.0 = Release|Any CPU
	EndGlobalSection
	GlobalSection(SolutionProperties) = preSolution
		HideSolutionNode = FALSE
	EndGlobalSection
	GlobalSection(ExtensibilityGlobals) = postSolution
		SolutionGuid = {B3C08EC0-E77C-4126-AE71-D7E6D672F1F0}
	EndGlobalSection
EndGlobal
