
Microsoft Visual Studio Solution File, Format Version 12.00
# Visual Studio Version 17
VisualStudioVersion = 17.8.34525.116
MinimumVisualStudioVersion = 10.0.40219.1
Project("{9A19103F-16F7-4668-BE54-9A1E7A4F7556}") = "TheTechIdea.Beep.Container", "TheTechIdea.Beep.Container.csproj", "{CBBAE486-7D97-4034-9632-01ECAD7DE460}"
EndProject
Project("{9A19103F-16F7-4668-BE54-9A1E7A4F7556}") = "TheTechIdea.Beep.Container.Model", "..\Beep.Containers.Models\TheTechIdea.Beep.Container.Model.csproj", "{E2C6C6A3-A44B-4DCB-BF6D-230755910A61}"
EndProject
Global
	GlobalSection(SolutionConfigurationPlatforms) = preSolution
		Debug|Any CPU = Debug|Any CPU
		Release|Any CPU = Release|Any CPU
	EndGlobalSection
	GlobalSection(ProjectConfigurationPlatforms) = postSolution
		{CBBAE486-7D97-4034-9632-01ECAD7DE460}.Debug|Any CPU.ActiveCfg = Debug|Any CPU
		{CBBAE486-7D97-4034-9632-01ECAD7DE460}.Debug|Any CPU.Build.0 = Debug|Any CPU
		{CBBAE486-7D97-4034-9632-01ECAD7DE460}.Release|Any CPU.ActiveCfg = Release|Any CPU
		{CBBAE486-7D97-4034-9632-01ECAD7DE460}.Release|Any CPU.Build.0 = Release|Any CPU
		{E2C6C6A3-A44B-4DCB-BF6D-230755910A61}.Debug|Any CPU.ActiveCfg = Debug|Any CPU
		{E2C6C6A3-A44B-4DCB-BF6D-230755910A61}.Debug|Any CPU.Build.0 = Debug|Any CPU
		{E2C6C6A3-A44B-4DCB-BF6D-230755910A61}.Release|Any CPU.ActiveCfg = Release|Any CPU
		{E2C6C6A3-A44B-4DCB-BF6D-230755910A61}.Release|Any CPU.Build.0 = Release|Any CPU
	EndGlobalSection
	GlobalSection(SolutionProperties) = preSolution
		HideSolutionNode = FALSE
	EndGlobalSection
	GlobalSection(ExtensibilityGlobals) = postSolution
		SolutionGuid = {B3C08EC0-E77C-4126-AE71-D7E6D672F1F0}
	EndGlobalSection
EndGlobal
